# This file is autogenerated, do not edit; changes may be undone by the next 'dep ensure'.


[[projects]]
  branch = "master"
  digest = "1:0bfbe13936953a98ae3cfe8ed6670d396ad81edf069a806d2f6515d7bb6950df"
  name = "github.com/google/btree"
  packages = ["."]
  pruneopts = "UT"
  revision = "4030bb1f1f0c35b30ca7009e9ebd06849dd45306"

[[projects]]
  branch = "master"
  digest = "1:9bf89de9d88024778fef62089e47b41bea65966ea6c043e9dcd29c2cd901fe1a"
  name = "github.com/ivpusic/grpool"
  packages = ["."]
  pruneopts = "UT"
  revision = "28957a27c9441f178d644aa598bac0aad4dd7bba"

[[projects]]
  digest = "1:0c1028c687ce81af3a804a4434da0d68fc392e0343ab701bb2af1fd34bbee208"
  name = "github.com/mr-tron/base58"
  packages = ["."]
  pruneopts = "UT"
  revision = "89529c6904fcd077434931b4eac8b4b2f0991baf"
  version = "v1.1.0"

[[projects]]
  branch = "master"
  digest = "1:f7aa53146bf79462509d4ce136826ebbd64907e4679e1b04e62758da6b68e589"
  name = "github.com/orcaman/concurrent-map"
  packages = ["."]
  pruneopts = "UT"
  revision = "b28018939af9022337862b94a463abb18abb3e0e"

[[projects]]
  branch = "master"
  digest = "1:3bf17a6e6eaa6ad24152148a631d18662f7212e21637c2699bff3369b7f00fa2"
  name = "github.com/petar/GoLLRB"
  packages = ["llrb"]
  pruneopts = "UT"
  revision = "53be0d36a84c2a886ca057d34b6aa4468df9ccb4"

[[projects]]
  digest = "1:19bf2c203ba1b75e05a5b0c9e0845fbcb7800ae042cb187c25c4da4fcea072a8"
  name = "github.com/peterbourgon/diskv"
  packages = ["."]
  pruneopts = "UT"
  revision = "0646ccaebea1ed1539efcab30cae44019090093f"

[[projects]]
  branch = "master"
  digest = "1:66a729007b3d140b10e26f0a0d3d73a6cd2c7b832f0be2992c0d36da69c5df9c"
  name = "github.com/phf/go-queue"
  packages = ["queue"]
  pruneopts = "UT"
  revision = "9abe38d0371deb4049011737cbd30e4ba80c673b"

[[projects]]
  branch = "master"
  digest = "1:93d6687fc19da8a35c7352d72117a6acd2072dfb7e9bfd65646227bf2a913b2a"
  name = "github.com/tevino/abool"
  packages = ["."]
  pruneopts = "UT"
  revision = "9b9efcf221b50905aab9bbabd3daed56dc10f339"

[[projects]]
  digest = "1:c468422f334a6b46a19448ad59aaffdfc0a36b08fdcc1c749a0b29b6453d7e59"
  name = "github.com/valyala/bytebufferpool"
  packages = ["."]
  pruneopts = "UT"
  revision = "e746df99fe4a3986f4d4f79e13c1e0117ce9c2f7"
  version = "v1.0.0"

[[projects]]
  branch = "master"
  digest = "1:8e2a555b39ec178e4bfb309456e4b7359f2858e133011320194fe02b7fa4a68b"
  name = "golang.org/x/crypto"
  packages = [
    "argon2",
    "blake2b",
  ]
  pruneopts = "UT"
  revision = "eb0de9b17e854e9b1ccd9963efafc79862359959"

[[projects]]
  branch = "master"
  digest = "1:5e4d81c50cffcb124b899e4f3eabec3930c73532f0096c27f94476728ba03028"
  name = "golang.org/x/sync"
  packages = ["semaphore"]
  pruneopts = "UT"
  revision = "42b317875d0fa942474b76e1b46a6060d720ae6e"

[[projects]]
  branch = "master"
  digest = "1:8392490b249a3602a13813be12324d3b16eca044ae185ff32cdd9e267706e208"
  name = "golang.org/x/sys"
  packages = ["cpu"]
  pruneopts = "UT"
  revision = "4ed8d59d0b35e1e29334a206d1b3f38b1e5dfb31"

[solve-meta]
  analyzer-name = "dep"
  analyzer-version = 1
  input-imports = [
    "github.com/ivpusic/grpool",
    "github.com/mr-tron/base58",
    "github.com/orcaman/concurrent-map",
    "github.com/peterbourgon/diskv",
    "github.com/phf/go-queue/queue",
    "github.com/tevino/abool",
    "github.com/valyala/bytebufferpool",
    "golang.org/x/crypto/argon2",
    "golang.org/x/sync/semaphore",
  ]
  solver-name = "gps-cdcl"
  solver-version = 1
