# This file is autogenerated, do not edit; changes may be undone by the next 'dep ensure'.


[[projects]]
  digest = "1:aa855bda8630186a6a2f33ac0142fd8c1644622af2e164bc3d8bbb69978b6467"
  name = "github.com/Jeffail/tunny"
  packages = ["."]
  pruneopts = "UT"
  revision = "4921fff29480bad359ad2fb3271fb461c8ffe1fc"
  version = "0.1.2"

[[projects]]
  digest = "1:6d9f91ff6cc1a7fa2f1c7025b0dc50ea7cd2a9b6869205bc7f69f484a349c731"
  name = "github.com/dchest/blake2b"
  packages = ["."]
  pruneopts = "UT"
  revision = "06006a921c7d13e3fdf63c401cb0e4529a26e6e4"
  version = "v1.0.0"

[[projects]]
  branch = "master"
  digest = "1:0bfbe13936953a98ae3cfe8ed6670d396ad81edf069a806d2f6515d7bb6950df"
  name = "github.com/google/btree"
  packages = ["."]
  pruneopts = "UT"
  revision = "4030bb1f1f0c35b30ca7009e9ebd06849dd45306"

[[projects]]
  branch = "master"
  digest = "1:85d73d8bf5ca7685d8c88d99ca2e6296dec67da9019c4b3c4ebb70a4c88084cb"
  name = "github.com/magical/argon2"
  packages = ["."]
  pruneopts = "UT"
  revision = "190e3cf208e185668db6aa048e4985b7b7b4d890"

[[projects]]
  branch = "master"
  digest = "1:3bf17a6e6eaa6ad24152148a631d18662f7212e21637c2699bff3369b7f00fa2"
  name = "github.com/petar/GoLLRB"
  packages = ["llrb"]
  pruneopts = "UT"
  revision = "53be0d36a84c2a886ca057d34b6aa4468df9ccb4"

[[projects]]
  digest = "1:19bf2c203ba1b75e05a5b0c9e0845fbcb7800ae042cb187c25c4da4fcea072a8"
  name = "github.com/peterbourgon/diskv"
  packages = ["."]
  pruneopts = "UT"
  revision = "0646ccaebea1ed1539efcab30cae44019090093f"

[[projects]]
  branch = "master"
  digest = "1:66a729007b3d140b10e26f0a0d3d73a6cd2c7b832f0be2992c0d36da69c5df9c"
  name = "github.com/phf/go-queue"
  packages = ["queue"]
  pruneopts = "UT"
  revision = "9abe38d0371deb4049011737cbd30e4ba80c673b"

[[projects]]
  branch = "master"
  digest = "1:93d6687fc19da8a35c7352d72117a6acd2072dfb7e9bfd65646227bf2a913b2a"
  name = "github.com/tevino/abool"
  packages = ["."]
  pruneopts = "UT"
  revision = "9b9efcf221b50905aab9bbabd3daed56dc10f339"

[solve-meta]
  analyzer-name = "dep"
  analyzer-version = 1
  input-imports = [
    "github.com/Jeffail/tunny",
    "github.com/magical/argon2",
    "github.com/peterbourgon/diskv",
    "github.com/phf/go-queue/queue",
    "github.com/tevino/abool",
  ]
  solver-name = "gps-cdcl"
  solver-version = 1
