# This file is autogenerated, do not edit; changes may be undone by the next 'dep ensure'.


[[projects]]
  branch = "master"
  digest = "1:4a0c6bb4805508a6287675fac876be2ac1182539ca8a32468d8128882e9d5009"
  name = "github.com/golang/snappy"
  packages = ["."]
  pruneopts = "UT"
  revision = "2e65f85255dbc3072edf28d6b5b8efc472979f5a"

[[projects]]
  branch = "master"
  digest = "1:9bf89de9d88024778fef62089e47b41bea65966ea6c043e9dcd29c2cd901fe1a"
  name = "github.com/ivpusic/grpool"
  packages = ["."]
  pruneopts = "UT"
  revision = "28957a27c9441f178d644aa598bac0aad4dd7bba"

[[projects]]
  digest = "1:0c1028c687ce81af3a804a4434da0d68fc392e0343ab701bb2af1fd34bbee208"
  name = "github.com/mr-tron/base58"
  packages = ["."]
  pruneopts = "UT"
  revision = "89529c6904fcd077434931b4eac8b4b2f0991baf"
  version = "v1.1.0"

[[projects]]
  branch = "master"
  digest = "1:f7aa53146bf79462509d4ce136826ebbd64907e4679e1b04e62758da6b68e589"
  name = "github.com/orcaman/concurrent-map"
  packages = ["."]
  pruneopts = "UT"
  revision = "b28018939af9022337862b94a463abb18abb3e0e"

[[projects]]
  branch = "master"
  digest = "1:66a729007b3d140b10e26f0a0d3d73a6cd2c7b832f0be2992c0d36da69c5df9c"
  name = "github.com/phf/go-queue"
  packages = ["queue"]
  pruneopts = "UT"
  revision = "9abe38d0371deb4049011737cbd30e4ba80c673b"

[[projects]]
  branch = "master"
  digest = "1:685fdfea42d825ebd39ee0994354b46c374cf2c2b2d97a41a8dee1807c6a9b62"
  name = "github.com/syndtr/goleveldb"
  packages = [
    "leveldb",
    "leveldb/cache",
    "leveldb/comparer",
    "leveldb/errors",
    "leveldb/filter",
    "leveldb/iterator",
    "leveldb/journal",
    "leveldb/memdb",
    "leveldb/opt",
    "leveldb/storage",
    "leveldb/table",
    "leveldb/util",
  ]
  pruneopts = "UT"
  revision = "b001fa50d6b27f3f0bb175a87d0cb55426d0a0ae"

[[projects]]
  branch = "master"
  digest = "1:93d6687fc19da8a35c7352d72117a6acd2072dfb7e9bfd65646227bf2a913b2a"
  name = "github.com/tevino/abool"
  packages = ["."]
  pruneopts = "UT"
  revision = "9b9efcf221b50905aab9bbabd3daed56dc10f339"

[[projects]]
  digest = "1:c468422f334a6b46a19448ad59aaffdfc0a36b08fdcc1c749a0b29b6453d7e59"
  name = "github.com/valyala/bytebufferpool"
  packages = ["."]
  pruneopts = "UT"
  revision = "e746df99fe4a3986f4d4f79e13c1e0117ce9c2f7"
  version = "v1.0.0"

[[projects]]
  branch = "master"
  digest = "1:8e2a555b39ec178e4bfb309456e4b7359f2858e133011320194fe02b7fa4a68b"
  name = "golang.org/x/crypto"
  packages = [
    "argon2",
    "blake2b",
  ]
  pruneopts = "UT"
  revision = "eb0de9b17e854e9b1ccd9963efafc79862359959"

[[projects]]
  branch = "master"
  digest = "1:8392490b249a3602a13813be12324d3b16eca044ae185ff32cdd9e267706e208"
  name = "golang.org/x/sys"
  packages = ["cpu"]
  pruneopts = "UT"
  revision = "4ed8d59d0b35e1e29334a206d1b3f38b1e5dfb31"

[solve-meta]
  analyzer-name = "dep"
  analyzer-version = 1
  input-imports = [
    "github.com/ivpusic/grpool",
    "github.com/mr-tron/base58",
    "github.com/orcaman/concurrent-map",
    "github.com/phf/go-queue/queue",
    "github.com/syndtr/goleveldb/leveldb",
    "github.com/syndtr/goleveldb/leveldb/errors",
    "github.com/tevino/abool",
    "github.com/valyala/bytebufferpool",
    "golang.org/x/crypto/argon2",
  ]
  solver-name = "gps-cdcl"
  solver-version = 1
